Microsoft Visual Studio Solution File, Format Version 12.00
# Visual Studio Version 18
VisualStudioVersion = 18.7.11925.98 stable
MinimumVisualStudioVersion = 10.0.40219.1
Project("{FAE04EC0-301F-11D3-BF4B-00C04F79EFBC}") = "VolumeLock", "VolumeLock\VolumeLock.csproj", "{8B7B6C1E-4B7E-4F7B-9C9E-1A2B3C4D5E6F}"
EndProject
Global
	GlobalSection(SolutionConfigurationPlatforms) = preSolution
		Debug|x64 = Debug|x64
		Release|x64 = Release|x64
	EndGlobalSection
	GlobalSection(ProjectConfigurationPlatforms) = postSolution
		{8B7B6C1E-4B7E-4F7B-9C9E-1A2B3C4D5E6F}.Debug|x64.ActiveCfg = Debug|x64
		{8B7B6C1E-4B7E-4F7B-9C9E-1A2B3C4D5E6F}.Debug|x64.Build.0 = Debug|x64
		{8B7B6C1E-4B7E-4F7B-9C9E-1A2B3C4D5E6F}.Release|x64.ActiveCfg = Release|x64
		{8B7B6C1E-4B7E-4F7B-9C9E-1A2B3C4D5E6F}.Release|x64.Build.0 = Release|x64
	EndGlobalSection
	GlobalSection(SolutionProperties) = preSolution
		HideSolutionNode = FALSE
	EndGlobalSection
EndGlobal
